<?xml version="1.0" encoding="UTF-8"?>
<Project ToolsVersion="4.0" xmlns="http://schemas.microsoft.com/developer/msbuild/2003">
  <ItemGroup>
    <CustomBuild Include="F:\opengl\glm\CMakeFiles\a884634b25623379ea04400ca3f5c932\generate.stamp.rule">
      <Filter>CMake Rules</Filter>
    </CustomBuild>
  </ItemGroup>
  <ItemGroup>
    <Filter Include="CMake Rules">
      <UniqueIdentifier>{BE4B2C89-D74E-4135-970C-38DDEA92B33E}</UniqueIdentifier>
    </Filter>
  </ItemGroup>
</Project>
